
Microsoft Visual Studio Solution File, Format Version 12.00
# Visual Studio 2012
Project("{FAE04EC0-301F-11D3-BF4B-00C04F79EFBC}") = "Requc", "Requc\Requc.csproj", "{395FA3EA-8876-4839-9D31-312F15506D2F}"
EndProject
Project("{FAE04EC0-301F-11D3-BF4B-00C04F79EFBC}") = "NumericUpDownControl", "NumericUpDownControl\NumericUpDownControl.csproj", "{FFDF6818-650A-4E47-ABA2-94B50B62CDCE}"
EndProject
Project("{FAE04EC0-301F-11D3-BF4B-00C04F79EFBC}") = "Cascade", "Cascade\Cascade.csproj", "{2A079C45-0635-4BAD-9A3D-FBEED23C8AB1}"
EndProject
Global
	GlobalSection(SolutionConfigurationPlatforms) = preSolution
		Debug|Any CPU = Debug|Any CPU
		Debug|Mixed Platforms = Debug|Mixed Platforms
		Debug|x86 = Debug|x86
		Release|Any CPU = Release|Any CPU
		Release|Mixed Platforms = Release|Mixed Platforms
		Release|x86 = Release|x86
	EndGlobalSection
	GlobalSection(ProjectConfigurationPlatforms) = postSolution
		{395FA3EA-8876-4839-9D31-312F15506D2F}.Debug|Any CPU.ActiveCfg = Debug|x86
		{395FA3EA-8876-4839-9D31-312F15506D2F}.Debug|Mixed Platforms.ActiveCfg = Debug|x86
		{395FA3EA-8876-4839-9D31-312F15506D2F}.Debug|Mixed Platforms.Build.0 = Debug|x86
		{395FA3EA-8876-4839-9D31-312F15506D2F}.Debug|x86.ActiveCfg = Debug|x86
		{395FA3EA-8876-4839-9D31-312F15506D2F}.Debug|x86.Build.0 = Debug|x86
		{395FA3EA-8876-4839-9D31-312F15506D2F}.Release|Any CPU.ActiveCfg = Release|x86
		{395FA3EA-8876-4839-9D31-312F15506D2F}.Release|Mixed Platforms.ActiveCfg = Release|x86
		{395FA3EA-8876-4839-9D31-312F15506D2F}.Release|Mixed Platforms.Build.0 = Release|x86
		{395FA3EA-8876-4839-9D31-312F15506D2F}.Release|x86.ActiveCfg = Release|x86
		{395FA3EA-8876-4839-9D31-312F15506D2F}.Release|x86.Build.0 = Release|x86
		{FFDF6818-650A-4E47-ABA2-94B50B62CDCE}.Debug|Any CPU.ActiveCfg = Debug|Any CPU
		{FFDF6818-650A-4E47-ABA2-94B50B62CDCE}.Debug|Any CPU.Build.0 = Debug|Any CPU
		{FFDF6818-650A-4E47-ABA2-94B50B62CDCE}.Debug|Mixed Platforms.ActiveCfg = Debug|Any CPU
		{FFDF6818-650A-4E47-ABA2-94B50B62CDCE}.Debug|Mixed Platforms.Build.0 = Debug|Any CPU
		{FFDF6818-650A-4E47-ABA2-94B50B62CDCE}.Debug|x86.ActiveCfg = Debug|Any CPU
		{FFDF6818-650A-4E47-ABA2-94B50B62CDCE}.Release|Any CPU.ActiveCfg = Release|Any CPU
		{FFDF6818-650A-4E47-ABA2-94B50B62CDCE}.Release|Any CPU.Build.0 = Release|Any CPU
		{FFDF6818-650A-4E47-ABA2-94B50B62CDCE}.Release|Mixed Platforms.ActiveCfg = Release|Any CPU
		{FFDF6818-650A-4E47-ABA2-94B50B62CDCE}.Release|Mixed Platforms.Build.0 = Release|Any CPU
		{FFDF6818-650A-4E47-ABA2-94B50B62CDCE}.Release|x86.ActiveCfg = Release|Any CPU
		{2A079C45-0635-4BAD-9A3D-FBEED23C8AB1}.Debug|Any CPU.ActiveCfg = Debug|Any CPU
		{2A079C45-0635-4BAD-9A3D-FBEED23C8AB1}.Debug|Any CPU.Build.0 = Debug|Any CPU
		{2A079C45-0635-4BAD-9A3D-FBEED23C8AB1}.Debug|Mixed Platforms.ActiveCfg = Debug|Any CPU
		{2A079C45-0635-4BAD-9A3D-FBEED23C8AB1}.Debug|Mixed Platforms.Build.0 = Debug|Any CPU
		{2A079C45-0635-4BAD-9A3D-FBEED23C8AB1}.Debug|x86.ActiveCfg = Debug|Any CPU
		{2A079C45-0635-4BAD-9A3D-FBEED23C8AB1}.Release|Any CPU.ActiveCfg = Release|Any CPU
		{2A079C45-0635-4BAD-9A3D-FBEED23C8AB1}.Release|Any CPU.Build.0 = Release|Any CPU
		{2A079C45-0635-4BAD-9A3D-FBEED23C8AB1}.Release|Mixed Platforms.ActiveCfg = Release|Any CPU
		{2A079C45-0635-4BAD-9A3D-FBEED23C8AB1}.Release|Mixed Platforms.Build.0 = Release|Any CPU
		{2A079C45-0635-4BAD-9A3D-FBEED23C8AB1}.Release|x86.ActiveCfg = Release|Any CPU
	EndGlobalSection
	GlobalSection(SolutionProperties) = preSolution
		HideSolutionNode = FALSE
	EndGlobalSection
	GlobalSection(Performance) = preSolution
		HasPerformanceSessions = true
	EndGlobalSection
EndGlobal
